PODS:
  - Alamofire (5.4.3)
  - JKSwiftExtension (1.8.0):
    - Kingfisher
  - JXSegmentedView (1.2.7)
  - Kingfisher (4.10.1)
  - KRActivityIndicatorView (3.0.7)
  - KRProgressHUD (3.4.7):
    - KRActivityIndicatorView (= 3.0.7)
  - RSKPlaceholderTextView (6.1.0)
  - SnapKit (4.2.0)
  - SwiftCSV (0.6.0)
  - ZLPhotoBrowser (4.1.7):
    - ZLPhotoBrowser/Core (= 4.1.7)
  - ZLPhotoBrowser/Core (4.1.7)

DEPENDENCIES:
  - Alamofire
  - JKSwiftExtension
  - JXSegmentedView
  - KRProgressHUD
  - RSKPlaceholderTextView
  - SnapKit
  - SwiftCSV
  - ZLPhotoBrowser

SPEC REPOS:
  https://mirrors.tuna.tsinghua.edu.cn/git/CocoaPods/Specs.git:
    - Alamofire
    - JKSwiftExtension
    - JXSegmentedView
    - Kingfisher
    - KRActivityIndicatorView
    - KRProgressHUD
    - RSKPlaceholderTextView
    - SnapKit
    - SwiftCSV
    - ZLPhotoBrowser

SPEC CHECKSUMS:
  Alamofire: e447a2774a40c996748296fa2c55112fdbbc42f9
  JKSwiftExtension: 36228e99699b676a20f155bf862c76094766f6aa
  JXSegmentedView: eb1cad21f57c2543c00c3e08b8fd3c7ca54f5acd
  Kingfisher: c148cd7b47ebde9989f6bc7c27dcaa79d81279a0
  KRActivityIndicatorView: ad69e89c4ce40c986cf580595be4829dcad0e35a
  KRProgressHUD: a248f0bc6c9c2aed40a37b76e03ffecc7f85c887
  RSKPlaceholderTextView: 52f26e643b6f9bbf16f45cd2bbe2181b6dfe090c
  SnapKit: fe8a619752f3f27075cc9a90244d75c6c3f27e2a
  SwiftCSV: ebc63cacc3820042537288c0cc647946261f7c2c
  ZLPhotoBrowser: 8ea81aa5cbaaf8b97bf8830fed1b1f756a5e8894

PODFILE CHECKSUM: eceb207e1c94ab49479fb5132843e10fc090a2c9

COCOAPODS: 1.10.0
