// !$*UTF8*$!
{
	archiveVersion = 1;
	classes = {
	};
	objectVersion = 51;
	objects = {

/* Begin PBXBuildFile section */
		D01EDBA126B4C92D00531418 /* AppDelegate.swift in Sources */ = {isa = PBXBuildFile; fileRef = D01EDBA026B4C92D00531418 /* AppDelegate.swift */; };
		D01EDBA826B4C92D00531418 /* Main.storyboard in Resources */ = {isa = PBXBuildFile; fileRef = D01EDBA626B4C92D00531418 /* Main.storyboard */; };
		D01EDBAA26B4C92D00531418 /* Assets.xcassets in Resources */ = {isa = PBXBuildFile; fileRef = D01EDBA926B4C92D00531418 /* Assets.xcassets */; };
		D01EDBAD26B4C92D00531418 /* LaunchScreen.storyboard in Resources */ = {isa = PBXBuildFile; fileRef = D01EDBAB26B4C92D00531418 /* LaunchScreen.storyboard */; };
		D035894926B6EBA9001EDB55 /* RecordViewController.swift in Sources */ = {isa = PBXBuildFile; fileRef = D035894826B6EBA9001EDB55 /* RecordViewController.swift */; };
		D035894B26B6EBC2001EDB55 /* FileViewController.swift in Sources */ = {isa = PBXBuildFile; fileRef = D035894A26B6EBC2001EDB55 /* FileViewController.swift */; };
		D035894D26B6EBED001EDB55 /* FeedbackViewController.swift in Sources */ = {isa = PBXBuildFile; fileRef = D035894C26B6EBED001EDB55 /* FeedbackViewController.swift */; };
		D035894F26B6EC00001EDB55 /* MeViewController.swift in Sources */ = {isa = PBXBuildFile; fileRef = D035894E26B6EC00001EDB55 /* MeViewController.swift */; };
		D035895126B7888E001EDB55 /* WelcomeViewController.swift in Sources */ = {isa = PBXBuildFile; fileRef = D035895026B7888E001EDB55 /* WelcomeViewController.swift */; };
		D035895326BF8C9D001EDB55 /* RegisterViewController.swift in Sources */ = {isa = PBXBuildFile; fileRef = D035895226BF8C9D001EDB55 /* RegisterViewController.swift */; };
		D035895526BF8CA5001EDB55 /* LoginViewController.swift in Sources */ = {isa = PBXBuildFile; fileRef = D035895426BF8CA5001EDB55 /* LoginViewController.swift */; };
		D09047A126CA3436000F215B /* Common.swift in Sources */ = {isa = PBXBuildFile; fileRef = D09047A026CA3436000F215B /* Common.swift */; };
		D09047A326CC9B24000F215B /* FileTableViewCell.swift in Sources */ = {isa = PBXBuildFile; fileRef = D09047A226CC9B24000F215B /* FileTableViewCell.swift */; };
		D09047A526CCAD5D000F215B /* AudioViewController.swift in Sources */ = {isa = PBXBuildFile; fileRef = D09047A426CCAD5D000F215B /* AudioViewController.swift */; };
		D09047A726CCAD78000F215B /* MotionViewController.swift in Sources */ = {isa = PBXBuildFile; fileRef = D09047A626CCAD78000F215B /* MotionViewController.swift */; };
		D09047A926CCAD91000F215B /* SendingViewController.swift in Sources */ = {isa = PBXBuildFile; fileRef = D09047A826CCAD91000F215B /* SendingViewController.swift */; };
		D09047AB26CCB169000F215B /* MotionTableViewCell.swift in Sources */ = {isa = PBXBuildFile; fileRef = D09047AA26CCB169000F215B /* MotionTableViewCell.swift */; };
		D09047AD26CCB323000F215B /* SendingTableViewCell.swift in Sources */ = {isa = PBXBuildFile; fileRef = D09047AC26CCB323000F215B /* SendingTableViewCell.swift */; };
		D0C9B3A826CDFDEB00E89291 /* AIUser.swift.swift in Sources */ = {isa = PBXBuildFile; fileRef = D0C9B3A726CDFDEB00E89291 /* AIUser.swift.swift */; };
		D0C9B3AA26CE029B00E89291 /* AILoginManager.swift in Sources */ = {isa = PBXBuildFile; fileRef = D0C9B3A926CE029B00E89291 /* AILoginManager.swift */; };
		D0C9B3AC26CE037C00E89291 /* Constants.swift in Sources */ = {isa = PBXBuildFile; fileRef = D0C9B3AB26CE037C00E89291 /* Constants.swift */; };
		D0F2F51826D38A1000793164 /* AITabbarController.swift.swift in Sources */ = {isa = PBXBuildFile; fileRef = D0F2F51726D38A1000793164 /* AITabbarController.swift.swift */; };
		D0FEA27826DC5C0700FE58CC /* AudioRecorder.swift in Sources */ = {isa = PBXBuildFile; fileRef = D0FEA27626DC5C0700FE58CC /* AudioRecorder.swift */; };
		D0FEA27926DC5C0700FE58CC /* AudioPlayer.swift in Sources */ = {isa = PBXBuildFile; fileRef = D0FEA27726DC5C0700FE58CC /* AudioPlayer.swift */; };
		D0FEA27B26DC5C1200FE58CC /* DataSender.swift in Sources */ = {isa = PBXBuildFile; fileRef = D0FEA27A26DC5C1200FE58CC /* DataSender.swift */; };
		D0FEA27D26DC5C1E00FE58CC /* MotionRecord.swift in Sources */ = {isa = PBXBuildFile; fileRef = D0FEA27C26DC5C1E00FE58CC /* MotionRecord.swift */; };
		D0FEA27F26DC5C2100FE58CC /* Supply.swift in Sources */ = {isa = PBXBuildFile; fileRef = D0FEA27E26DC5C2100FE58CC /* Supply.swift */; };
		D3934C89BB7EBAB75CC2FF7F /* Pods_AISound.framework in Frameworks */ = {isa = PBXBuildFile; fileRef = 4DC2E4AF2C9CBC05E893641D /* Pods_AISound.framework */; };
/* End PBXBuildFile section */

/* Begin PBXFileReference section */
		35C771A0FD4DFE7E84EE149C /* Pods-AISound.release.xcconfig */ = {isa = PBXFileReference; includeInIndex = 1; lastKnownFileType = text.xcconfig; name = "Pods-AISound.release.xcconfig"; path = "Target Support Files/Pods-AISound/Pods-AISound.release.xcconfig"; sourceTree = "<group>"; };
		4DC2E4AF2C9CBC05E893641D /* Pods_AISound.framework */ = {isa = PBXFileReference; explicitFileType = wrapper.framework; includeInIndex = 0; path = Pods_AISound.framework; sourceTree = BUILT_PRODUCTS_DIR; };
		6CEF5E26F754D9BF6AB89E5D /* Pods-AISound.debug.xcconfig */ = {isa = PBXFileReference; includeInIndex = 1; lastKnownFileType = text.xcconfig; name = "Pods-AISound.debug.xcconfig"; path = "Target Support Files/Pods-AISound/Pods-AISound.debug.xcconfig"; sourceTree = "<group>"; };
		D01EDB9D26B4C92D00531418 /* AISound.app */ = {isa = PBXFileReference; explicitFileType = wrapper.application; includeInIndex = 0; path = AISound.app; sourceTree = BUILT_PRODUCTS_DIR; };
		D01EDBA026B4C92D00531418 /* AppDelegate.swift */ = {isa = PBXFileReference; lastKnownFileType = sourcecode.swift; path = AppDelegate.swift; sourceTree = "<group>"; };
		D01EDBA726B4C92D00531418 /* Base */ = {isa = PBXFileReference; lastKnownFileType = file.storyboard; name = Base; path = Base.lproj/Main.storyboard; sourceTree = "<group>"; };
		D01EDBA926B4C92D00531418 /* Assets.xcassets */ = {isa = PBXFileReference; lastKnownFileType = folder.assetcatalog; path = Assets.xcassets; sourceTree = "<group>"; };
		D01EDBAC26B4C92D00531418 /* Base */ = {isa = PBXFileReference; lastKnownFileType = file.storyboard; name = Base; path = Base.lproj/LaunchScreen.storyboard; sourceTree = "<group>"; };
		D01EDBAE26B4C92D00531418 /* Info.plist */ = {isa = PBXFileReference; lastKnownFileType = text.plist.xml; path = Info.plist; sourceTree = "<group>"; };
		D035894826B6EBA9001EDB55 /* RecordViewController.swift */ = {isa = PBXFileReference; lastKnownFileType = sourcecode.swift; path = RecordViewController.swift; sourceTree = "<group>"; };
		D035894A26B6EBC2001EDB55 /* FileViewController.swift */ = {isa = PBXFileReference; lastKnownFileType = sourcecode.swift; path = FileViewController.swift; sourceTree = "<group>"; };
		D035894C26B6EBED001EDB55 /* FeedbackViewController.swift */ = {isa = PBXFileReference; lastKnownFileType = sourcecode.swift; path = FeedbackViewController.swift; sourceTree = "<group>"; };
		D035894E26B6EC00001EDB55 /* MeViewController.swift */ = {isa = PBXFileReference; lastKnownFileType = sourcecode.swift; path = MeViewController.swift; sourceTree = "<group>"; };
		D035895026B7888E001EDB55 /* WelcomeViewController.swift */ = {isa = PBXFileReference; lastKnownFileType = sourcecode.swift; path = WelcomeViewController.swift; sourceTree = "<group>"; };
		D035895226BF8C9D001EDB55 /* RegisterViewController.swift */ = {isa = PBXFileReference; lastKnownFileType = sourcecode.swift; path = RegisterViewController.swift; sourceTree = "<group>"; };
		D035895426BF8CA5001EDB55 /* LoginViewController.swift */ = {isa = PBXFileReference; lastKnownFileType = sourcecode.swift; path = LoginViewController.swift; sourceTree = "<group>"; };
		D09047A026CA3436000F215B /* Common.swift */ = {isa = PBXFileReference; lastKnownFileType = sourcecode.swift; path = Common.swift; sourceTree = "<group>"; };
		D09047A226CC9B24000F215B /* FileTableViewCell.swift */ = {isa = PBXFileReference; lastKnownFileType = sourcecode.swift; path = FileTableViewCell.swift; sourceTree = "<group>"; };
		D09047A426CCAD5D000F215B /* AudioViewController.swift */ = {isa = PBXFileReference; lastKnownFileType = sourcecode.swift; path = AudioViewController.swift; sourceTree = "<group>"; };
		D09047A626CCAD78000F215B /* MotionViewController.swift */ = {isa = PBXFileReference; lastKnownFileType = sourcecode.swift; path = MotionViewController.swift; sourceTree = "<group>"; };
		D09047A826CCAD91000F215B /* SendingViewController.swift */ = {isa = PBXFileReference; lastKnownFileType = sourcecode.swift; path = SendingViewController.swift; sourceTree = "<group>"; };
		D09047AA26CCB169000F215B /* MotionTableViewCell.swift */ = {isa = PBXFileReference; lastKnownFileType = sourcecode.swift; path = MotionTableViewCell.swift; sourceTree = "<group>"; };
		D09047AC26CCB323000F215B /* SendingTableViewCell.swift */ = {isa = PBXFileReference; lastKnownFileType = sourcecode.swift; path = SendingTableViewCell.swift; sourceTree = "<group>"; };
		D0C9B3A726CDFDEB00E89291 /* AIUser.swift.swift */ = {isa = PBXFileReference; lastKnownFileType = sourcecode.swift; path = AIUser.swift.swift; sourceTree = "<group>"; };
		D0C9B3A926CE029B00E89291 /* AILoginManager.swift */ = {isa = PBXFileReference; lastKnownFileType = sourcecode.swift; path = AILoginManager.swift; sourceTree = "<group>"; };
		D0C9B3AB26CE037C00E89291 /* Constants.swift */ = {isa = PBXFileReference; lastKnownFileType = sourcecode.swift; path = Constants.swift; sourceTree = "<group>"; };
		D0F2F51726D38A1000793164 /* AITabbarController.swift.swift */ = {isa = PBXFileReference; lastKnownFileType = sourcecode.swift; path = AITabbarController.swift.swift; sourceTree = "<group>"; };
		D0FEA27626DC5C0700FE58CC /* AudioRecorder.swift */ = {isa = PBXFileReference; fileEncoding = 4; lastKnownFileType = sourcecode.swift; path = AudioRecorder.swift; sourceTree = "<group>"; };
		D0FEA27726DC5C0700FE58CC /* AudioPlayer.swift */ = {isa = PBXFileReference; fileEncoding = 4; lastKnownFileType = sourcecode.swift; path = AudioPlayer.swift; sourceTree = "<group>"; };
		D0FEA27A26DC5C1200FE58CC /* DataSender.swift */ = {isa = PBXFileReference; fileEncoding = 4; lastKnownFileType = sourcecode.swift; path = DataSender.swift; sourceTree = "<group>"; };
		D0FEA27C26DC5C1E00FE58CC /* MotionRecord.swift */ = {isa = PBXFileReference; fileEncoding = 4; lastKnownFileType = sourcecode.swift; path = MotionRecord.swift; sourceTree = "<group>"; };
		D0FEA27E26DC5C2100FE58CC /* Supply.swift */ = {isa = PBXFileReference; fileEncoding = 4; lastKnownFileType = sourcecode.swift; path = Supply.swift; sourceTree = "<group>"; };
/* End PBXFileReference section */

/* Begin PBXFrameworksBuildPhase section */
		D01EDB9A26B4C92D00531418 /* Frameworks */ = {
			isa = PBXFrameworksBuildPhase;
			buildActionMask = 2147483647;
			files = (
				D3934C89BB7EBAB75CC2FF7F /* Pods_AISound.framework in Frameworks */,
			);
			runOnlyForDeploymentPostprocessing = 0;
		};
/* End PBXFrameworksBuildPhase section */

/* Begin PBXGroup section */
		64AA114DF47285BD401B5810 /* Pods */ = {
			isa = PBXGroup;
			children = (
				6CEF5E26F754D9BF6AB89E5D /* Pods-AISound.debug.xcconfig */,
				35C771A0FD4DFE7E84EE149C /* Pods-AISound.release.xcconfig */,
			);
			path = Pods;
			sourceTree = "<group>";
		};
		674299AE965A9CD16FB91831 /* Frameworks */ = {
			isa = PBXGroup;
			children = (
				4DC2E4AF2C9CBC05E893641D /* Pods_AISound.framework */,
			);
			name = Frameworks;
			sourceTree = "<group>";
		};
		D01EDB9426B4C92D00531418 = {
			isa = PBXGroup;
			children = (
				D01EDB9F26B4C92D00531418 /* AISound */,
				D01EDB9E26B4C92D00531418 /* Products */,
				64AA114DF47285BD401B5810 /* Pods */,
				674299AE965A9CD16FB91831 /* Frameworks */,
			);
			sourceTree = "<group>";
		};
		D01EDB9E26B4C92D00531418 /* Products */ = {
			isa = PBXGroup;
			children = (
				D01EDB9D26B4C92D00531418 /* AISound.app */,
			);
			name = Products;
			sourceTree = "<group>";
		};
		D01EDB9F26B4C92D00531418 /* AISound */ = {
			isa = PBXGroup;
			children = (
				D0FEA27526DC5BEC00FE58CC /* AudioPlayer */,
				D0C9B3A326CDF9D000E89291 /* Common */,
				D0C9B39F26CDF8ED00E89291 /* Me */,
				D0C9B39E26CDF8E500E89291 /* Feedback */,
				D0C9B39D26CDF8D900E89291 /* File */,
				D0C9B39C26CDF8AB00E89291 /* Record */,
				D0C9B39B26CDF89800E89291 /* Login */,
				D01EDBA026B4C92D00531418 /* AppDelegate.swift */,
				D01EDBA626B4C92D00531418 /* Main.storyboard */,
				D01EDBA926B4C92D00531418 /* Assets.xcassets */,
				D01EDBAB26B4C92D00531418 /* LaunchScreen.storyboard */,
				D01EDBAE26B4C92D00531418 /* Info.plist */,
			);
			path = AISound;
			sourceTree = "<group>";
		};
		D0C9B39B26CDF89800E89291 /* Login */ = {
			isa = PBXGroup;
			children = (
				D0C9B3A626CDFDBD00E89291 /* View */,
				D0C9B3A526CDFDB700E89291 /* Model */,
				D0C9B3A426CDFDAC00E89291 /* ViewControl */,
			);
			path = Login;
			sourceTree = "<group>";
		};
		D0C9B39C26CDF8AB00E89291 /* Record */ = {
			isa = PBXGroup;
			children = (
				D035894826B6EBA9001EDB55 /* RecordViewController.swift */,
			);
			path = Record;
			sourceTree = "<group>";
		};
		D0C9B39D26CDF8D900E89291 /* File */ = {
			isa = PBXGroup;
			children = (
				D0C9B3A226CDF95800E89291 /* View */,
				D0C9B3A126CDF95000E89291 /* Model */,
				D0C9B3A026CDF94400E89291 /* ViewControl */,
			);
			path = File;
			sourceTree = "<group>";
		};
		D0C9B39E26CDF8E500E89291 /* Feedback */ = {
			isa = PBXGroup;
			children = (
				D035894C26B6EBED001EDB55 /* FeedbackViewController.swift */,
			);
			path = Feedback;
			sourceTree = "<group>";
		};
		D0C9B39F26CDF8ED00E89291 /* Me */ = {
			isa = PBXGroup;
			children = (
				D035894E26B6EC00001EDB55 /* MeViewController.swift */,
			);
			path = Me;
			sourceTree = "<group>";
		};
		D0C9B3A026CDF94400E89291 /* ViewControl */ = {
			isa = PBXGroup;
			children = (
				D09047A826CCAD91000F215B /* SendingViewController.swift */,
				D09047A626CCAD78000F215B /* MotionViewController.swift */,
				D09047A426CCAD5D000F215B /* AudioViewController.swift */,
				D035894A26B6EBC2001EDB55 /* FileViewController.swift */,
			);
			path = ViewControl;
			sourceTree = "<group>";
		};
		D0C9B3A126CDF95000E89291 /* Model */ = {
			isa = PBXGroup;
			children = (
			);
			path = Model;
			sourceTree = "<group>";
		};
		D0C9B3A226CDF95800E89291 /* View */ = {
			isa = PBXGroup;
			children = (
				D09047AC26CCB323000F215B /* SendingTableViewCell.swift */,
				D09047AA26CCB169000F215B /* MotionTableViewCell.swift */,
				D09047A226CC9B24000F215B /* FileTableViewCell.swift */,
			);
			path = View;
			sourceTree = "<group>";
		};
		D0C9B3A326CDF9D000E89291 /* Common */ = {
			isa = PBXGroup;
			children = (
				D09047A026CA3436000F215B /* Common.swift */,
				D0C9B3AB26CE037C00E89291 /* Constants.swift */,
			);
			path = Common;
			sourceTree = "<group>";
		};
		D0C9B3A426CDFDAC00E89291 /* ViewControl */ = {
			isa = PBXGroup;
			children = (
				D035895426BF8CA5001EDB55 /* LoginViewController.swift */,
				D035895226BF8C9D001EDB55 /* RegisterViewController.swift */,
				D035895026B7888E001EDB55 /* WelcomeViewController.swift */,
				D0F2F51726D38A1000793164 /* AITabbarController.swift.swift */,
			);
			path = ViewControl;
			sourceTree = "<group>";
		};
		D0C9B3A526CDFDB700E89291 /* Model */ = {
			isa = PBXGroup;
			children = (
				D0C9B3A726CDFDEB00E89291 /* AIUser.swift.swift */,
				D0C9B3A926CE029B00E89291 /* AILoginManager.swift */,
			);
			path = Model;
			sourceTree = "<group>";
		};
		D0C9B3A626CDFDBD00E89291 /* View */ = {
			isa = PBXGroup;
			children = (
			);
			path = View;
			sourceTree = "<group>";
		};
		D0FEA27526DC5BEC00FE58CC /* AudioPlayer */ = {
			isa = PBXGroup;
			children = (
				D0FEA27626DC5C0700FE58CC /* AudioRecorder.swift */,
				D0FEA27A26DC5C1200FE58CC /* DataSender.swift */,
				D0FEA27C26DC5C1E00FE58CC /* MotionRecord.swift */,
				D0FEA27E26DC5C2100FE58CC /* Supply.swift */,
				D0FEA27726DC5C0700FE58CC /* AudioPlayer.swift */,
			);
			path = AudioPlayer;
			sourceTree = "<group>";
		};
/* End PBXGroup section */

/* Begin PBXNativeTarget section */
		D01EDB9C26B4C92D00531418 /* AISound */ = {
			isa = PBXNativeTarget;
			buildConfigurationList = D01EDBB126B4C92D00531418 /* Build configuration list for PBXNativeTarget "AISound" */;
			buildPhases = (
				2ABF1348C0E99284F3B0BB7C /* [CP] Check Pods Manifest.lock */,
				D01EDB9926B4C92D00531418 /* Sources */,
				D01EDB9A26B4C92D00531418 /* Frameworks */,
				D01EDB9B26B4C92D00531418 /* Resources */,
				9A98D6B65B1844B7C434FB23 /* [CP] Embed Pods Frameworks */,
			);
			buildRules = (
			);
			dependencies = (
			);
			name = AISound;
			productName = AISound;
			productReference = D01EDB9D26B4C92D00531418 /* AISound.app */;
			productType = "com.apple.product-type.application";
		};
/* End PBXNativeTarget section */

/* Begin PBXProject section */
		D01EDB9526B4C92D00531418 /* Project object */ = {
			isa = PBXProject;
			attributes = {
				LastSwiftUpdateCheck = 1250;
				LastUpgradeCheck = 1250;
				TargetAttributes = {
					D01EDB9C26B4C92D00531418 = {
						CreatedOnToolsVersion = 12.5.1;
					};
				};
			};
			buildConfigurationList = D01EDB9826B4C92D00531418 /* Build configuration list for PBXProject "AISound" */;
			compatibilityVersion = "Xcode 9.3";
			developmentRegion = en;
			hasScannedForEncodings = 0;
			knownRegions = (
				en,
				Base,
			);
			mainGroup = D01EDB9426B4C92D00531418;
			productRefGroup = D01EDB9E26B4C92D00531418 /* Products */;
			projectDirPath = "";
			projectRoot = "";
			targets = (
				D01EDB9C26B4C92D00531418 /* AISound */,
			);
		};
/* End PBXProject section */

/* Begin PBXResourcesBuildPhase section */
		D01EDB9B26B4C92D00531418 /* Resources */ = {
			isa = PBXResourcesBuildPhase;
			buildActionMask = 2147483647;
			files = (
				D01EDBAD26B4C92D00531418 /* LaunchScreen.storyboard in Resources */,
				D01EDBAA26B4C92D00531418 /* Assets.xcassets in Resources */,
				D01EDBA826B4C92D00531418 /* Main.storyboard in Resources */,
			);
			runOnlyForDeploymentPostprocessing = 0;
		};
/* End PBXResourcesBuildPhase section */

/* Begin PBXShellScriptBuildPhase section */
		2ABF1348C0E99284F3B0BB7C /* [CP] Check Pods Manifest.lock */ = {
			isa = PBXShellScriptBuildPhase;
			buildActionMask = 2147483647;
			files = (
			);
			inputFileListPaths = (
			);
			inputPaths = (
				"${PODS_PODFILE_DIR_PATH}/Podfile.lock",
				"${PODS_ROOT}/Manifest.lock",
			);
			name = "[CP] Check Pods Manifest.lock";
			outputFileListPaths = (
			);
			outputPaths = (
				"$(DERIVED_FILE_DIR)/Pods-AISound-checkManifestLockResult.txt",
			);
			runOnlyForDeploymentPostprocessing = 0;
			shellPath = /bin/sh;
			shellScript = "diff \"${PODS_PODFILE_DIR_PATH}/Podfile.lock\" \"${PODS_ROOT}/Manifest.lock\" > /dev/null\nif [ $? != 0 ] ; then\n    # print error to STDERR\n    echo \"error: The sandbox is not in sync with the Podfile.lock. Run 'pod install' or update your CocoaPods installation.\" >&2\n    exit 1\nfi\n# This output is used by Xcode 'outputs' to avoid re-running this script phase.\necho \"SUCCESS\" > \"${SCRIPT_OUTPUT_FILE_0}\"\n";
			showEnvVarsInLog = 0;
		};
		9A98D6B65B1844B7C434FB23 /* [CP] Embed Pods Frameworks */ = {
			isa = PBXShellScriptBuildPhase;
			buildActionMask = 2147483647;
			files = (
			);
			inputFileListPaths = (
				"${PODS_ROOT}/Target Support Files/Pods-AISound/Pods-AISound-frameworks-${CONFIGURATION}-input-files.xcfilelist",
			);
			name = "[CP] Embed Pods Frameworks";
			outputFileListPaths = (
				"${PODS_ROOT}/Target Support Files/Pods-AISound/Pods-AISound-frameworks-${CONFIGURATION}-output-files.xcfilelist",
			);
			runOnlyForDeploymentPostprocessing = 0;
			shellPath = /bin/sh;
			shellScript = "\"${PODS_ROOT}/Target Support Files/Pods-AISound/Pods-AISound-frameworks.sh\"\n";
			showEnvVarsInLog = 0;
		};
/* End PBXShellScriptBuildPhase section */

/* Begin PBXSourcesBuildPhase section */
		D01EDB9926B4C92D00531418 /* Sources */ = {
			isa = PBXSourcesBuildPhase;
			buildActionMask = 2147483647;
			files = (
				D035894F26B6EC00001EDB55 /* MeViewController.swift in Sources */,
				D0C9B3A826CDFDEB00E89291 /* AIUser.swift.swift in Sources */,
				D09047AB26CCB169000F215B /* MotionTableViewCell.swift in Sources */,
				D035894926B6EBA9001EDB55 /* RecordViewController.swift in Sources */,
				D09047A726CCAD78000F215B /* MotionViewController.swift in Sources */,
				D035895326BF8C9D001EDB55 /* RegisterViewController.swift in Sources */,
				D0F2F51826D38A1000793164 /* AITabbarController.swift.swift in Sources */,
				D0FEA27D26DC5C1E00FE58CC /* MotionRecord.swift in Sources */,
				D09047AD26CCB323000F215B /* SendingTableViewCell.swift in Sources */,
				D035894B26B6EBC2001EDB55 /* FileViewController.swift in Sources */,
				D09047A126CA3436000F215B /* Common.swift in Sources */,
				D035895526BF8CA5001EDB55 /* LoginViewController.swift in Sources */,
				D0FEA27F26DC5C2100FE58CC /* Supply.swift in Sources */,
				D0C9B3AA26CE029B00E89291 /* AILoginManager.swift in Sources */,
				D035895126B7888E001EDB55 /* WelcomeViewController.swift in Sources */,
				D09047A326CC9B24000F215B /* FileTableViewCell.swift in Sources */,
				D0FEA27B26DC5C1200FE58CC /* DataSender.swift in Sources */,
				D0FEA27826DC5C0700FE58CC /* AudioRecorder.swift in Sources */,
				D09047A526CCAD5D000F215B /* AudioViewController.swift in Sources */,
				D035894D26B6EBED001EDB55 /* FeedbackViewController.swift in Sources */,
				D09047A926CCAD91000F215B /* SendingViewController.swift in Sources */,
				D01EDBA126B4C92D00531418 /* AppDelegate.swift in Sources */,
				D0C9B3AC26CE037C00E89291 /* Constants.swift in Sources */,
				D0FEA27926DC5C0700FE58CC /* AudioPlayer.swift in Sources */,
			);
			runOnlyForDeploymentPostprocessing = 0;
		};
/* End PBXSourcesBuildPhase section */

/* Begin PBXVariantGroup section */
		D01EDBA626B4C92D00531418 /* Main.storyboard */ = {
			isa = PBXVariantGroup;
			children = (
				D01EDBA726B4C92D00531418 /* Base */,
			);
			name = Main.storyboard;
			sourceTree = "<group>";
		};
		D01EDBAB26B4C92D00531418 /* LaunchScreen.storyboard */ = {
			isa = PBXVariantGroup;
			children = (
				D01EDBAC26B4C92D00531418 /* Base */,
			);
			name = LaunchScreen.storyboard;
			sourceTree = "<group>";
		};
/* End PBXVariantGroup section */

/* Begin XCBuildConfiguration section */
		D01EDBAF26B4C92D00531418 /* Debug */ = {
			isa = XCBuildConfiguration;
			buildSettings = {
				ALWAYS_SEARCH_USER_PATHS = NO;
				CLANG_ANALYZER_NONNULL = YES;
				CLANG_ANALYZER_NUMBER_OBJECT_CONVERSION = YES_AGGRESSIVE;
				CLANG_CXX_LANGUAGE_STANDARD = "gnu++14";
				CLANG_CXX_LIBRARY = "libc++";
				CLANG_ENABLE_MODULES = YES;
				CLANG_ENABLE_OBJC_ARC = YES;
				CLANG_ENABLE_OBJC_WEAK = YES;
				CLANG_WARN_BLOCK_CAPTURE_AUTORELEASING = YES;
				CLANG_WARN_BOOL_CONVERSION = YES;
				CLANG_WARN_COMMA = YES;
				CLANG_WARN_CONSTANT_CONVERSION = YES;
				CLANG_WARN_DEPRECATED_OBJC_IMPLEMENTATIONS = YES;
				CLANG_WARN_DIRECT_OBJC_ISA_USAGE = YES_ERROR;
				CLANG_WARN_DOCUMENTATION_COMMENTS = YES;
				CLANG_WARN_EMPTY_BODY = YES;
				CLANG_WARN_ENUM_CONVERSION = YES;
				CLANG_WARN_INFINITE_RECURSION = YES;
				CLANG_WARN_INT_CONVERSION = YES;
				CLANG_WARN_NON_LITERAL_NULL_CONVERSION = YES;
				CLANG_WARN_OBJC_IMPLICIT_RETAIN_SELF = YES;
				CLANG_WARN_OBJC_LITERAL_CONVERSION = YES;
				CLANG_WARN_OBJC_ROOT_CLASS = YES_ERROR;
				CLANG_WARN_QUOTED_INCLUDE_IN_FRAMEWORK_HEADER = YES;
				CLANG_WARN_RANGE_LOOP_ANALYSIS = YES;
				CLANG_WARN_STRICT_PROTOTYPES = YES;
				CLANG_WARN_SUSPICIOUS_MOVE = YES;
				CLANG_WARN_UNGUARDED_AVAILABILITY = YES_AGGRESSIVE;
				CLANG_WARN_UNREACHABLE_CODE = YES;
				CLANG_WARN__DUPLICATE_METHOD_MATCH = YES;
				COPY_PHASE_STRIP = NO;
				DEBUG_INFORMATION_FORMAT = dwarf;
				ENABLE_STRICT_OBJC_MSGSEND = YES;
				ENABLE_TESTABILITY = YES;
				GCC_C_LANGUAGE_STANDARD = gnu11;
				GCC_DYNAMIC_NO_PIC = NO;
				GCC_NO_COMMON_BLOCKS = YES;
				GCC_OPTIMIZATION_LEVEL = 0;
				GCC_PREPROCESSOR_DEFINITIONS = (
					"DEBUG=1",
					"$(inherited)",
				);
				GCC_WARN_64_TO_32_BIT_CONVERSION = YES;
				GCC_WARN_ABOUT_RETURN_TYPE = YES_ERROR;
				GCC_WARN_UNDECLARED_SELECTOR = YES;
				GCC_WARN_UNINITIALIZED_AUTOS = YES_AGGRESSIVE;
				GCC_WARN_UNUSED_FUNCTION = YES;
				GCC_WARN_UNUSED_VARIABLE = YES;
				IPHONEOS_DEPLOYMENT_TARGET = 14.5;
				MTL_ENABLE_DEBUG_INFO = INCLUDE_SOURCE;
				MTL_FAST_MATH = YES;
				ONLY_ACTIVE_ARCH = YES;
				SDKROOT = iphoneos;
				SWIFT_ACTIVE_COMPILATION_CONDITIONS = DEBUG;
				SWIFT_OPTIMIZATION_LEVEL = "-Onone";
			};
			name = Debug;
		};
		D01EDBB026B4C92D00531418 /* Release */ = {
			isa = XCBuildConfiguration;
			buildSettings = {
				ALWAYS_SEARCH_USER_PATHS = NO;
				CLANG_ANALYZER_NONNULL = YES;
				CLANG_ANALYZER_NUMBER_OBJECT_CONVERSION = YES_AGGRESSIVE;
				CLANG_CXX_LANGUAGE_STANDARD = "gnu++14";
				CLANG_CXX_LIBRARY = "libc++";
				CLANG_ENABLE_MODULES = YES;
				CLANG_ENABLE_OBJC_ARC = YES;
				CLANG_ENABLE_OBJC_WEAK = YES;
				CLANG_WARN_BLOCK_CAPTURE_AUTORELEASING = YES;
				CLANG_WARN_BOOL_CONVERSION = YES;
				CLANG_WARN_COMMA = YES;
				CLANG_WARN_CONSTANT_CONVERSION = YES;
				CLANG_WARN_DEPRECATED_OBJC_IMPLEMENTATIONS = YES;
				CLANG_WARN_DIRECT_OBJC_ISA_USAGE = YES_ERROR;
				CLANG_WARN_DOCUMENTATION_COMMENTS = YES;
				CLANG_WARN_EMPTY_BODY = YES;
				CLANG_WARN_ENUM_CONVERSION = YES;
				CLANG_WARN_INFINITE_RECURSION = YES;
				CLANG_WARN_INT_CONVERSION = YES;
				CLANG_WARN_NON_LITERAL_NULL_CONVERSION = YES;
				CLANG_WARN_OBJC_IMPLICIT_RETAIN_SELF = YES;
				CLANG_WARN_OBJC_LITERAL_CONVERSION = YES;
				CLANG_WARN_OBJC_ROOT_CLASS = YES_ERROR;
				CLANG_WARN_QUOTED_INCLUDE_IN_FRAMEWORK_HEADER = YES;
				CLANG_WARN_RANGE_LOOP_ANALYSIS = YES;
				CLANG_WARN_STRICT_PROTOTYPES = YES;
				CLANG_WARN_SUSPICIOUS_MOVE = YES;
				CLANG_WARN_UNGUARDED_AVAILABILITY = YES_AGGRESSIVE;
				CLANG_WARN_UNREACHABLE_CODE = YES;
				CLANG_WARN__DUPLICATE_METHOD_MATCH = YES;
				COPY_PHASE_STRIP = NO;
				DEBUG_INFORMATION_FORMAT = "dwarf-with-dsym";
				ENABLE_NS_ASSERTIONS = NO;
				ENABLE_STRICT_OBJC_MSGSEND = YES;
				GCC_C_LANGUAGE_STANDARD = gnu11;
				GCC_NO_COMMON_BLOCKS = YES;
				GCC_WARN_64_TO_32_BIT_CONVERSION = YES;
				GCC_WARN_ABOUT_RETURN_TYPE = YES_ERROR;
				GCC_WARN_UNDECLARED_SELECTOR = YES;
				GCC_WARN_UNINITIALIZED_AUTOS = YES_AGGRESSIVE;
				GCC_WARN_UNUSED_FUNCTION = YES;
				GCC_WARN_UNUSED_VARIABLE = YES;
				IPHONEOS_DEPLOYMENT_TARGET = 14.5;
				MTL_ENABLE_DEBUG_INFO = NO;
				MTL_FAST_MATH = YES;
				SDKROOT = iphoneos;
				SWIFT_COMPILATION_MODE = wholemodule;
				SWIFT_OPTIMIZATION_LEVEL = "-O";
				VALIDATE_PRODUCT = YES;
			};
			name = Release;
		};
		D01EDBB226B4C92D00531418 /* Debug */ = {
			isa = XCBuildConfiguration;
			baseConfigurationReference = 6CEF5E26F754D9BF6AB89E5D /* Pods-AISound.debug.xcconfig */;
			buildSettings = {
				ASSETCATALOG_COMPILER_APPICON_NAME = AppIcon;
				ASSETCATALOG_COMPILER_GLOBAL_ACCENT_COLOR_NAME = AccentColor;
				CODE_SIGN_STYLE = Automatic;
				DEVELOPMENT_TEAM = XU3T6FFXAY;
				INFOPLIST_FILE = AISound/Info.plist;
				LD_RUNPATH_SEARCH_PATHS = (
					"$(inherited)",
					"@executable_path/Frameworks",
				);
				PRODUCT_BUNDLE_IDENTIFIER = com.junjie.AISound.AISound;
				PRODUCT_NAME = "$(TARGET_NAME)";
				SWIFT_VERSION = 5.0;
				TARGETED_DEVICE_FAMILY = "1,2";
			};
			name = Debug;
		};
		D01EDBB326B4C92D00531418 /* Release */ = {
			isa = XCBuildConfiguration;
			baseConfigurationReference = 35C771A0FD4DFE7E84EE149C /* Pods-AISound.release.xcconfig */;
			buildSettings = {
				ASSETCATALOG_COMPILER_APPICON_NAME = AppIcon;
				ASSETCATALOG_COMPILER_GLOBAL_ACCENT_COLOR_NAME = AccentColor;
				CODE_SIGN_STYLE = Automatic;
				DEVELOPMENT_TEAM = XU3T6FFXAY;
				INFOPLIST_FILE = AISound/Info.plist;
				LD_RUNPATH_SEARCH_PATHS = (
					"$(inherited)",
					"@executable_path/Frameworks",
				);
				PRODUCT_BUNDLE_IDENTIFIER = com.junjie.AISound.AISound;
				PRODUCT_NAME = "$(TARGET_NAME)";
				SWIFT_VERSION = 5.0;
				TARGETED_DEVICE_FAMILY = "1,2";
			};
			name = Release;
		};
/* End XCBuildConfiguration section */

/* Begin XCConfigurationList section */
		D01EDB9826B4C92D00531418 /* Build configuration list for PBXProject "AISound" */ = {
			isa = XCConfigurationList;
			buildConfigurations = (
				D01EDBAF26B4C92D00531418 /* Debug */,
				D01EDBB026B4C92D00531418 /* Release */,
			);
			defaultConfigurationIsVisible = 0;
			defaultConfigurationName = Release;
		};
		D01EDBB126B4C92D00531418 /* Build configuration list for PBXNativeTarget "AISound" */ = {
			isa = XCConfigurationList;
			buildConfigurations = (
				D01EDBB226B4C92D00531418 /* Debug */,
				D01EDBB326B4C92D00531418 /* Release */,
			);
			defaultConfigurationIsVisible = 0;
			defaultConfigurationName = Release;
		};
/* End XCConfigurationList section */
	};
	rootObject = D01EDB9526B4C92D00531418 /* Project object */;
}
